
Microsoft Visual Studio Solution File, Format Version 12.00
# Visual Studio Version 17
VisualStudioVersion = 17.4.33110.190
MinimumVisualStudioVersion = 10.0.40219.1
Project("{FAE04EC0-301F-11D3-BF4B-00C04F79EFBC}") = "Tic-Tac-Toe Game", "Tic-Tac-Toe Game\Tic-Tac-Toe Game.csproj", "{C43EADA3-A14C-450A-93E3-7426E15639B0}"
EndProject
Global
	GlobalSection(SolutionConfigurationPlatforms) = preSolution
		Debug|Any CPU = Debug|Any CPU
		Release|Any CPU = Release|Any CPU
	EndGlobalSection
	GlobalSection(ProjectConfigurationPlatforms) = postSolution
		{C43EADA3-A14C-450A-93E3-7426E15639B0}.Debug|Any CPU.ActiveCfg = Debug|Any CPU
		{C43EADA3-A14C-450A-93E3-7426E15639B0}.Debug|Any CPU.Build.0 = Debug|Any CPU
		{C43EADA3-A14C-450A-93E3-7426E15639B0}.Release|Any CPU.ActiveCfg = Release|Any CPU
		{C43EADA3-A14C-450A-93E3-7426E15639B0}.Release|Any CPU.Build.0 = Release|Any CPU
	EndGlobalSection
	GlobalSection(SolutionProperties) = preSolution
		HideSolutionNode = FALSE
	EndGlobalSection
	GlobalSection(ExtensibilityGlobals) = postSolution
		SolutionGuid = {2349925D-D87C-49E9-A723-EDE20EFDF065}
	EndGlobalSection
EndGlobal
